PODS:
  - Kingfisher (6.3.1)
  - lottie-ios (3.3.0)
  - MarqueeLabel (4.0.5)
  - NotificationBannerSwift (3.0.6):
    - MarqueeLabel (~> 4.0.5)
    - SnapKit (~> 5.0.1)
  - SnapKit (5.0.1)
  - SwiftLint (0.47.1)

DEPENDENCIES:
  - Kingfisher (~> 6.0)
  - lottie-ios
  - NotificationBannerSwift (~> 3.0.0)
  - SwiftLint

SPEC REPOS:
  trunk:
    - Kingfisher
    - lottie-ios
    - MarqueeLabel
    - NotificationBannerSwift
    - SnapKit
    - SwiftLint

SPEC CHECKSUMS:
  Kingfisher: 016c8b653a35add51dd34a3aba36b580041acc74
  lottie-ios: 6ac74dcc09904798f59b18cb3075c089d76be9ae
  MarqueeLabel: 00cc0bcd087111dca575878b3531af980559707d
  NotificationBannerSwift: 7021be2338f8f29cf424b0aca43da462bf9e2a1a
  SnapKit: 97b92857e3df3a0c71833cce143274bf6ef8e5eb
  SwiftLint: f80f1be7fa96d30e0aa68e58d45d4ea1ccaac519

PODFILE CHECKSUM: 7935e4e8760614005fcb7b88bb1b6a2665d4b76d

COCOAPODS: 1.11.3
